// !$*UTF8*$!
{
	archiveVersion = 1;
	classes = {
	};
	objectVersion = 56;
	objects = {

/* Begin PBXBuildFile section */
		8810CB862C0C85BF001B7200 /* OTUS_courseApp.swift in Sources */ = {isa = PBXBuildFile; fileRef = 8810CB852C0C85BF001B7200 /* OTUS_courseApp.swift */; };
		8810CB882C0C85BF001B7200 /* MainTabView.swift in Sources */ = {isa = PBXBuildFile; fileRef = 8810CB872C0C85BF001B7200 /* MainTabView.swift */; };
		8810CB8A2C0C85C2001B7200 /* Assets.xcassets in Resources */ = {isa = PBXBuildFile; fileRef = 8810CB892C0C85C2001B7200 /* Assets.xcassets */; };
		8810CB8D2C0C85C2001B7200 /* Preview Assets.xcassets in Resources */ = {isa = PBXBuildFile; fileRef = 8810CB8C2C0C85C2001B7200 /* Preview Assets.xcassets */; };
		884BBBC72C29851E00651F98 /* HomeScreen.swift in Sources */ = {isa = PBXBuildFile; fileRef = 884BBBC62C29851E00651F98 /* HomeScreen.swift */; };
		884BBBC92C29865500651F98 /* MenuScreen.swift in Sources */ = {isa = PBXBuildFile; fileRef = 884BBBC82C29865500651F98 /* MenuScreen.swift */; };
		884BBBCB2C29869A00651F98 /* ProfileScreen.swift in Sources */ = {isa = PBXBuildFile; fileRef = 884BBBCA2C29869A00651F98 /* ProfileScreen.swift */; };
		884BBBCE2C29877700651F98 /* AppButtonStyle.swift in Sources */ = {isa = PBXBuildFile; fileRef = 884BBBCD2C29877700651F98 /* AppButtonStyle.swift */; };
		884BBBD02C2987B500651F98 /* ActivityIndicator.swift in Sources */ = {isa = PBXBuildFile; fileRef = 884BBBCF2C2987B500651F98 /* ActivityIndicator.swift */; };
		884BBBD32C29880400651F98 /* MenuItem.swift in Sources */ = {isa = PBXBuildFile; fileRef = 884BBBD22C29880400651F98 /* MenuItem.swift */; };
		884BBBD72C29B7FA00651F98 /* NewsScreen.swift in Sources */ = {isa = PBXBuildFile; fileRef = 884BBBD62C29B7FA00651F98 /* NewsScreen.swift */; };
		884BBBDB2C29BA2D00651F98 /* NewsApiNetwork in Frameworks */ = {isa = PBXBuildFile; productRef = 884BBBDA2C29BA2D00651F98 /* NewsApiNetwork */; };
		884BBC272C2AE7BD00651F98 /* News.swift in Sources */ = {isa = PBXBuildFile; fileRef = 884BBC262C2AE7BD00651F98 /* News.swift */; };
		884BBC292C2AE85A00651F98 /* ListArticleCell.swift in Sources */ = {isa = PBXBuildFile; fileRef = 884BBC282C2AE85A00651F98 /* ListArticleCell.swift */; };
		884BBC2E2C2D5F7900651F98 /* AppNavBarView.swift in Sources */ = {isa = PBXBuildFile; fileRef = 884BBC2D2C2D5F7900651F98 /* AppNavBarView.swift */; };
		884BBC302C2D621500651F98 /* CustomNavBarView.swift in Sources */ = {isa = PBXBuildFile; fileRef = 884BBC2F2C2D621500651F98 /* CustomNavBarView.swift */; };
		884BBC322C2D7CD100651F98 /* CustomNavBarContainerView.swift in Sources */ = {isa = PBXBuildFile; fileRef = 884BBC312C2D7CD100651F98 /* CustomNavBarContainerView.swift */; };
		884BBC342C2D7F5F00651F98 /* CustomNavView.swift in Sources */ = {isa = PBXBuildFile; fileRef = 884BBC332C2D7F5F00651F98 /* CustomNavView.swift */; };
		884BBC362C2D83B100651F98 /* CustomNavLink.swift in Sources */ = {isa = PBXBuildFile; fileRef = 884BBC352C2D83B100651F98 /* CustomNavLink.swift */; };
		884BBC382C2D8A1B00651F98 /* CustomNavBarPreferenceKeys.swift in Sources */ = {isa = PBXBuildFile; fileRef = 884BBC372C2D8A1A00651F98 /* CustomNavBarPreferenceKeys.swift */; };
		884BBC3A2C37F9F300651F98 /* NetworkService.swift in Sources */ = {isa = PBXBuildFile; fileRef = 884BBC392C37F9F300651F98 /* NetworkService.swift */; };
		884BBC3D2C38010700651F98 /* InjectedWrapper.swift in Sources */ = {isa = PBXBuildFile; fileRef = 884BBC3C2C38010700651F98 /* InjectedWrapper.swift */; };
		884BBC3F2C38013C00651F98 /* ServiceLocator.swift in Sources */ = {isa = PBXBuildFile; fileRef = 884BBC3E2C38013C00651F98 /* ServiceLocator.swift */; };
		884BBC412C38015300651F98 /* Configurator.swift in Sources */ = {isa = PBXBuildFile; fileRef = 884BBC402C38015300651F98 /* Configurator.swift */; };
/* End PBXBuildFile section */

/* Begin PBXFileReference section */
		8810CB822C0C85BE001B7200 /* OTUS_course.app */ = {isa = PBXFileReference; explicitFileType = wrapper.application; includeInIndex = 0; path = OTUS_course.app; sourceTree = BUILT_PRODUCTS_DIR; };
		8810CB852C0C85BF001B7200 /* OTUS_courseApp.swift */ = {isa = PBXFileReference; lastKnownFileType = sourcecode.swift; path = OTUS_courseApp.swift; sourceTree = "<group>"; };
		8810CB872C0C85BF001B7200 /* MainTabView.swift */ = {isa = PBXFileReference; lastKnownFileType = sourcecode.swift; path = MainTabView.swift; sourceTree = "<group>"; };
		8810CB892C0C85C2001B7200 /* Assets.xcassets */ = {isa = PBXFileReference; lastKnownFileType = folder.assetcatalog; path = Assets.xcassets; sourceTree = "<group>"; };
		8810CB8C2C0C85C2001B7200 /* Preview Assets.xcassets */ = {isa = PBXFileReference; lastKnownFileType = folder.assetcatalog; path = "Preview Assets.xcassets"; sourceTree = "<group>"; };
		884BBBC62C29851E00651F98 /* HomeScreen.swift */ = {isa = PBXFileReference; lastKnownFileType = sourcecode.swift; path = HomeScreen.swift; sourceTree = "<group>"; };
		884BBBC82C29865500651F98 /* MenuScreen.swift */ = {isa = PBXFileReference; lastKnownFileType = sourcecode.swift; path = MenuScreen.swift; sourceTree = "<group>"; };
		884BBBCA2C29869A00651F98 /* ProfileScreen.swift */ = {isa = PBXFileReference; lastKnownFileType = sourcecode.swift; path = ProfileScreen.swift; sourceTree = "<group>"; };
		884BBBCD2C29877700651F98 /* AppButtonStyle.swift */ = {isa = PBXFileReference; lastKnownFileType = sourcecode.swift; path = AppButtonStyle.swift; sourceTree = "<group>"; };
		884BBBCF2C2987B500651F98 /* ActivityIndicator.swift */ = {isa = PBXFileReference; lastKnownFileType = sourcecode.swift; path = ActivityIndicator.swift; sourceTree = "<group>"; };
		884BBBD22C29880400651F98 /* MenuItem.swift */ = {isa = PBXFileReference; lastKnownFileType = sourcecode.swift; path = MenuItem.swift; sourceTree = "<group>"; };
		884BBBD62C29B7FA00651F98 /* NewsScreen.swift */ = {isa = PBXFileReference; lastKnownFileType = sourcecode.swift; path = NewsScreen.swift; sourceTree = "<group>"; };
		884BBBD82C29B9DF00651F98 /* NewsApiNetwork */ = {isa = PBXFileReference; lastKnownFileType = wrapper; name = NewsApiNetwork; path = Modules/NewsApiNetwork; sourceTree = SOURCE_ROOT; };
		884BBBDC2C29BAEB00651F98 /* generate.sh */ = {isa = PBXFileReference; lastKnownFileType = text.script.sh; path = generate.sh; sourceTree = "<group>"; };
		884BBC262C2AE7BD00651F98 /* News.swift */ = {isa = PBXFileReference; lastKnownFileType = sourcecode.swift; path = News.swift; sourceTree = "<group>"; };
		884BBC282C2AE85A00651F98 /* ListArticleCell.swift */ = {isa = PBXFileReference; lastKnownFileType = sourcecode.swift; path = ListArticleCell.swift; sourceTree = "<group>"; };
		884BBC2D2C2D5F7900651F98 /* AppNavBarView.swift */ = {isa = PBXFileReference; lastKnownFileType = sourcecode.swift; path = AppNavBarView.swift; sourceTree = "<group>"; };
		884BBC2F2C2D621500651F98 /* CustomNavBarView.swift */ = {isa = PBXFileReference; lastKnownFileType = sourcecode.swift; path = CustomNavBarView.swift; sourceTree = "<group>"; };
		884BBC312C2D7CD100651F98 /* CustomNavBarContainerView.swift */ = {isa = PBXFileReference; lastKnownFileType = sourcecode.swift; path = CustomNavBarContainerView.swift; sourceTree = "<group>"; };
		884BBC332C2D7F5F00651F98 /* CustomNavView.swift */ = {isa = PBXFileReference; lastKnownFileType = sourcecode.swift; path = CustomNavView.swift; sourceTree = "<group>"; };
		884BBC352C2D83B100651F98 /* CustomNavLink.swift */ = {isa = PBXFileReference; lastKnownFileType = sourcecode.swift; path = CustomNavLink.swift; sourceTree = "<group>"; };
		884BBC372C2D8A1A00651F98 /* CustomNavBarPreferenceKeys.swift */ = {isa = PBXFileReference; lastKnownFileType = sourcecode.swift; path = CustomNavBarPreferenceKeys.swift; sourceTree = "<group>"; };
		884BBC392C37F9F300651F98 /* NetworkService.swift */ = {isa = PBXFileReference; lastKnownFileType = sourcecode.swift; path = NetworkService.swift; sourceTree = "<group>"; };
		884BBC3C2C38010700651F98 /* InjectedWrapper.swift */ = {isa = PBXFileReference; lastKnownFileType = sourcecode.swift; path = InjectedWrapper.swift; sourceTree = "<group>"; };
		884BBC3E2C38013C00651F98 /* ServiceLocator.swift */ = {isa = PBXFileReference; lastKnownFileType = sourcecode.swift; path = ServiceLocator.swift; sourceTree = "<group>"; };
		884BBC402C38015300651F98 /* Configurator.swift */ = {isa = PBXFileReference; lastKnownFileType = sourcecode.swift; path = Configurator.swift; sourceTree = "<group>"; };
/* End PBXFileReference section */

/* Begin PBXFrameworksBuildPhase section */
		8810CB7F2C0C85BE001B7200 /* Frameworks */ = {
			isa = PBXFrameworksBuildPhase;
			buildActionMask = 2147483647;
			files = (
				884BBBDB2C29BA2D00651F98 /* NewsApiNetwork in Frameworks */,
			);
			runOnlyForDeploymentPostprocessing = 0;
		};
/* End PBXFrameworksBuildPhase section */

/* Begin PBXGroup section */
		8810CB792C0C85BE001B7200 = {
			isa = PBXGroup;
			children = (
				884BBBDC2C29BAEB00651F98 /* generate.sh */,
				8810CB842C0C85BE001B7200 /* OTUS_course */,
				8810CB832C0C85BE001B7200 /* Products */,
				884BBBD92C29BA2D00651F98 /* Frameworks */,
			);
			sourceTree = "<group>";
		};
		8810CB832C0C85BE001B7200 /* Products */ = {
			isa = PBXGroup;
			children = (
				8810CB822C0C85BE001B7200 /* OTUS_course.app */,
			);
			name = Products;
			sourceTree = "<group>";
		};
		8810CB842C0C85BE001B7200 /* OTUS_course */ = {
			isa = PBXGroup;
			children = (
				884BBBD82C29B9DF00651F98 /* NewsApiNetwork */,
				8810CB852C0C85BF001B7200 /* OTUS_courseApp.swift */,
				884BBC3B2C3800E000651F98 /* Service */,
				884BBBD12C2987E300651F98 /* Models */,
				884BBBC52C29850200651F98 /* Views */,
				8810CB892C0C85C2001B7200 /* Assets.xcassets */,
				8810CB8B2C0C85C2001B7200 /* Preview Content */,
			);
			path = OTUS_course;
			sourceTree = "<group>";
		};
		8810CB8B2C0C85C2001B7200 /* Preview Content */ = {
			isa = PBXGroup;
			children = (
				8810CB8C2C0C85C2001B7200 /* Preview Assets.xcassets */,
			);
			path = "Preview Content";
			sourceTree = "<group>";
		};
		884BBBC52C29850200651F98 /* Views */ = {
			isa = PBXGroup;
			children = (
				884BBC2C2C2D5F4800651F98 /* CustomNavBar */,
				884BBBCC2C29875000651F98 /* ViewModifiers */,
				8810CB872C0C85BF001B7200 /* MainTabView.swift */,
				884BBBC62C29851E00651F98 /* HomeScreen.swift */,
				884BBBC82C29865500651F98 /* MenuScreen.swift */,
				884BBBCA2C29869A00651F98 /* ProfileScreen.swift */,
				884BBBCF2C2987B500651F98 /* ActivityIndicator.swift */,
				884BBBD62C29B7FA00651F98 /* NewsScreen.swift */,
				884BBC282C2AE85A00651F98 /* ListArticleCell.swift */,
			);
			path = Views;
			sourceTree = "<group>";
		};
		884BBBCC2C29875000651F98 /* ViewModifiers */ = {
			isa = PBXGroup;
			children = (
				884BBBCD2C29877700651F98 /* AppButtonStyle.swift */,
			);
			path = ViewModifiers;
			sourceTree = "<group>";
		};
		884BBBD12C2987E300651F98 /* Models */ = {
			isa = PBXGroup;
			children = (
				884BBBD22C29880400651F98 /* MenuItem.swift */,
				884BBC262C2AE7BD00651F98 /* News.swift */,
			);
			path = Models;
			sourceTree = "<group>";
		};
		884BBBD92C29BA2D00651F98 /* Frameworks */ = {
			isa = PBXGroup;
			children = (
			);
			name = Frameworks;
			sourceTree = "<group>";
		};
		884BBC2C2C2D5F4800651F98 /* CustomNavBar */ = {
			isa = PBXGroup;
			children = (
				884BBC2D2C2D5F7900651F98 /* AppNavBarView.swift */,
				884BBC332C2D7F5F00651F98 /* CustomNavView.swift */,
				884BBC2F2C2D621500651F98 /* CustomNavBarView.swift */,
				884BBC312C2D7CD100651F98 /* CustomNavBarContainerView.swift */,
				884BBC352C2D83B100651F98 /* CustomNavLink.swift */,
				884BBC372C2D8A1A00651F98 /* CustomNavBarPreferenceKeys.swift */,
			);
			path = CustomNavBar;
			sourceTree = "<group>";
		};
		884BBC3B2C3800E000651F98 /* Service */ = {
			isa = PBXGroup;
			children = (
				884BBC392C37F9F300651F98 /* NetworkService.swift */,
				884BBC3C2C38010700651F98 /* InjectedWrapper.swift */,
				884BBC3E2C38013C00651F98 /* ServiceLocator.swift */,
				884BBC402C38015300651F98 /* Configurator.swift */,
			);
			path = Service;
			sourceTree = "<group>";
		};
/* End PBXGroup section */

/* Begin PBXNativeTarget section */
		8810CB812C0C85BE001B7200 /* OTUS_course */ = {
			isa = PBXNativeTarget;
			buildConfigurationList = 8810CB902C0C85C2001B7200 /* Build configuration list for PBXNativeTarget "OTUS_course" */;
			buildPhases = (
				8810CB7E2C0C85BE001B7200 /* Sources */,
				8810CB7F2C0C85BE001B7200 /* Frameworks */,
				8810CB802C0C85BE001B7200 /* Resources */,
			);
			buildRules = (
			);
			dependencies = (
			);
			name = OTUS_course;
			packageProductDependencies = (
				884BBBDA2C29BA2D00651F98 /* NewsApiNetwork */,
			);
			productName = OTUS_course;
			productReference = 8810CB822C0C85BE001B7200 /* OTUS_course.app */;
			productType = "com.apple.product-type.application";
		};
/* End PBXNativeTarget section */

/* Begin PBXProject section */
		8810CB7A2C0C85BE001B7200 /* Project object */ = {
			isa = PBXProject;
			attributes = {
				BuildIndependentTargetsInParallel = 1;
				LastSwiftUpdateCheck = 1540;
				LastUpgradeCheck = 1540;
				TargetAttributes = {
					8810CB812C0C85BE001B7200 = {
						CreatedOnToolsVersion = 15.4;
					};
				};
			};
			buildConfigurationList = 8810CB7D2C0C85BE001B7200 /* Build configuration list for PBXProject "OTUS_course" */;
			compatibilityVersion = "Xcode 14.0";
			developmentRegion = en;
			hasScannedForEncodings = 0;
			knownRegions = (
				en,
				Base,
			);
			mainGroup = 8810CB792C0C85BE001B7200;
			productRefGroup = 8810CB832C0C85BE001B7200 /* Products */;
			projectDirPath = "";
			projectRoot = "";
			targets = (
				8810CB812C0C85BE001B7200 /* OTUS_course */,
			);
		};
/* End PBXProject section */

/* Begin PBXResourcesBuildPhase section */
		8810CB802C0C85BE001B7200 /* Resources */ = {
			isa = PBXResourcesBuildPhase;
			buildActionMask = 2147483647;
			files = (
				8810CB8D2C0C85C2001B7200 /* Preview Assets.xcassets in Resources */,
				8810CB8A2C0C85C2001B7200 /* Assets.xcassets in Resources */,
			);
			runOnlyForDeploymentPostprocessing = 0;
		};
/* End PBXResourcesBuildPhase section */

/* Begin PBXSourcesBuildPhase section */
		8810CB7E2C0C85BE001B7200 /* Sources */ = {
			isa = PBXSourcesBuildPhase;
			buildActionMask = 2147483647;
			files = (
				884BBBC92C29865500651F98 /* MenuScreen.swift in Sources */,
				8810CB882C0C85BF001B7200 /* MainTabView.swift in Sources */,
				884BBC342C2D7F5F00651F98 /* CustomNavView.swift in Sources */,
				884BBBD72C29B7FA00651F98 /* NewsScreen.swift in Sources */,
				884BBC412C38015300651F98 /* Configurator.swift in Sources */,
				884BBC3A2C37F9F300651F98 /* NetworkService.swift in Sources */,
				884BBC382C2D8A1B00651F98 /* CustomNavBarPreferenceKeys.swift in Sources */,
				8810CB862C0C85BF001B7200 /* OTUS_courseApp.swift in Sources */,
				884BBBCE2C29877700651F98 /* AppButtonStyle.swift in Sources */,
				884BBC322C2D7CD100651F98 /* CustomNavBarContainerView.swift in Sources */,
				884BBC302C2D621500651F98 /* CustomNavBarView.swift in Sources */,
				884BBBD02C2987B500651F98 /* ActivityIndicator.swift in Sources */,
				884BBBD32C29880400651F98 /* MenuItem.swift in Sources */,
				884BBBC72C29851E00651F98 /* HomeScreen.swift in Sources */,
				884BBC2E2C2D5F7900651F98 /* AppNavBarView.swift in Sources */,
				884BBC362C2D83B100651F98 /* CustomNavLink.swift in Sources */,
				884BBC272C2AE7BD00651F98 /* News.swift in Sources */,
				884BBC3F2C38013C00651F98 /* ServiceLocator.swift in Sources */,
				884BBBCB2C29869A00651F98 /* ProfileScreen.swift in Sources */,
				884BBC3D2C38010700651F98 /* InjectedWrapper.swift in Sources */,
				884BBC292C2AE85A00651F98 /* ListArticleCell.swift in Sources */,
			);
			runOnlyForDeploymentPostprocessing = 0;
		};
/* End PBXSourcesBuildPhase section */

/* Begin XCBuildConfiguration section */
		8810CB8E2C0C85C2001B7200 /* Debug */ = {
			isa = XCBuildConfiguration;
			buildSettings = {
				ALWAYS_SEARCH_USER_PATHS = NO;
				ASSETCATALOG_COMPILER_GENERATE_SWIFT_ASSET_SYMBOL_EXTENSIONS = YES;
				CLANG_ANALYZER_NONNULL = YES;
				CLANG_ANALYZER_NUMBER_OBJECT_CONVERSION = YES_AGGRESSIVE;
				CLANG_CXX_LANGUAGE_STANDARD = "gnu++20";
				CLANG_ENABLE_MODULES = YES;
				CLANG_ENABLE_OBJC_ARC = YES;
				CLANG_ENABLE_OBJC_WEAK = YES;
				CLANG_WARN_BLOCK_CAPTURE_AUTORELEASING = YES;
				CLANG_WARN_BOOL_CONVERSION = YES;
				CLANG_WARN_COMMA = YES;
				CLANG_WARN_CONSTANT_CONVERSION = YES;
				CLANG_WARN_DEPRECATED_OBJC_IMPLEMENTATIONS = YES;
				CLANG_WARN_DIRECT_OBJC_ISA_USAGE = YES_ERROR;
				CLANG_WARN_DOCUMENTATION_COMMENTS = YES;
				CLANG_WARN_EMPTY_BODY = YES;
				CLANG_WARN_ENUM_CONVERSION = YES;
				CLANG_WARN_INFINITE_RECURSION = YES;
				CLANG_WARN_INT_CONVERSION = YES;
				CLANG_WARN_NON_LITERAL_NULL_CONVERSION = YES;
				CLANG_WARN_OBJC_IMPLICIT_RETAIN_SELF = YES;
				CLANG_WARN_OBJC_LITERAL_CONVERSION = YES;
				CLANG_WARN_OBJC_ROOT_CLASS = YES_ERROR;
				CLANG_WARN_QUOTED_INCLUDE_IN_FRAMEWORK_HEADER = YES;
				CLANG_WARN_RANGE_LOOP_ANALYSIS = YES;
				CLANG_WARN_STRICT_PROTOTYPES = YES;
				CLANG_WARN_SUSPICIOUS_MOVE = YES;
				CLANG_WARN_UNGUARDED_AVAILABILITY = YES_AGGRESSIVE;
				CLANG_WARN_UNREACHABLE_CODE = YES;
				CLANG_WARN__DUPLICATE_METHOD_MATCH = YES;
				COPY_PHASE_STRIP = NO;
				DEBUG_INFORMATION_FORMAT = dwarf;
				ENABLE_STRICT_OBJC_MSGSEND = YES;
				ENABLE_TESTABILITY = YES;
				ENABLE_USER_SCRIPT_SANDBOXING = YES;
				GCC_C_LANGUAGE_STANDARD = gnu17;
				GCC_DYNAMIC_NO_PIC = NO;
				GCC_NO_COMMON_BLOCKS = YES;
				GCC_OPTIMIZATION_LEVEL = 0;
				GCC_PREPROCESSOR_DEFINITIONS = (
					"DEBUG=1",
					"$(inherited)",
				);
				GCC_WARN_64_TO_32_BIT_CONVERSION = YES;
				GCC_WARN_ABOUT_RETURN_TYPE = YES_ERROR;
				GCC_WARN_UNDECLARED_SELECTOR = YES;
				GCC_WARN_UNINITIALIZED_AUTOS = YES_AGGRESSIVE;
				GCC_WARN_UNUSED_FUNCTION = YES;
				GCC_WARN_UNUSED_VARIABLE = YES;
				IPHONEOS_DEPLOYMENT_TARGET = 17.5;
				LOCALIZATION_PREFERS_STRING_CATALOGS = YES;
				MTL_ENABLE_DEBUG_INFO = INCLUDE_SOURCE;
				MTL_FAST_MATH = YES;
				ONLY_ACTIVE_ARCH = YES;
				SDKROOT = iphoneos;
				SWIFT_ACTIVE_COMPILATION_CONDITIONS = "DEBUG $(inherited)";
				SWIFT_OPTIMIZATION_LEVEL = "-Onone";
			};
			name = Debug;
		};
		8810CB8F2C0C85C2001B7200 /* Release */ = {
			isa = XCBuildConfiguration;
			buildSettings = {
				ALWAYS_SEARCH_USER_PATHS = NO;
				ASSETCATALOG_COMPILER_GENERATE_SWIFT_ASSET_SYMBOL_EXTENSIONS = YES;
				CLANG_ANALYZER_NONNULL = YES;
				CLANG_ANALYZER_NUMBER_OBJECT_CONVERSION = YES_AGGRESSIVE;
				CLANG_CXX_LANGUAGE_STANDARD = "gnu++20";
				CLANG_ENABLE_MODULES = YES;
				CLANG_ENABLE_OBJC_ARC = YES;
				CLANG_ENABLE_OBJC_WEAK = YES;
				CLANG_WARN_BLOCK_CAPTURE_AUTORELEASING = YES;
				CLANG_WARN_BOOL_CONVERSION = YES;
				CLANG_WARN_COMMA = YES;
				CLANG_WARN_CONSTANT_CONVERSION = YES;
				CLANG_WARN_DEPRECATED_OBJC_IMPLEMENTATIONS = YES;
				CLANG_WARN_DIRECT_OBJC_ISA_USAGE = YES_ERROR;
				CLANG_WARN_DOCUMENTATION_COMMENTS = YES;
				CLANG_WARN_EMPTY_BODY = YES;
				CLANG_WARN_ENUM_CONVERSION = YES;
				CLANG_WARN_INFINITE_RECURSION = YES;
				CLANG_WARN_INT_CONVERSION = YES;
				CLANG_WARN_NON_LITERAL_NULL_CONVERSION = YES;
				CLANG_WARN_OBJC_IMPLICIT_RETAIN_SELF = YES;
				CLANG_WARN_OBJC_LITERAL_CONVERSION = YES;
				CLANG_WARN_OBJC_ROOT_CLASS = YES_ERROR;
				CLANG_WARN_QUOTED_INCLUDE_IN_FRAMEWORK_HEADER = YES;
				CLANG_WARN_RANGE_LOOP_ANALYSIS = YES;
				CLANG_WARN_STRICT_PROTOTYPES = YES;
				CLANG_WARN_SUSPICIOUS_MOVE = YES;
				CLANG_WARN_UNGUARDED_AVAILABILITY = YES_AGGRESSIVE;
				CLANG_WARN_UNREACHABLE_CODE = YES;
				CLANG_WARN__DUPLICATE_METHOD_MATCH = YES;
				COPY_PHASE_STRIP = NO;
				DEBUG_INFORMATION_FORMAT = "dwarf-with-dsym";
				ENABLE_NS_ASSERTIONS = NO;
				ENABLE_STRICT_OBJC_MSGSEND = YES;
				ENABLE_USER_SCRIPT_SANDBOXING = YES;
				GCC_C_LANGUAGE_STANDARD = gnu17;
				GCC_NO_COMMON_BLOCKS = YES;
				GCC_WARN_64_TO_32_BIT_CONVERSION = YES;
				GCC_WARN_ABOUT_RETURN_TYPE = YES_ERROR;
				GCC_WARN_UNDECLARED_SELECTOR = YES;
				GCC_WARN_UNINITIALIZED_AUTOS = YES_AGGRESSIVE;
				GCC_WARN_UNUSED_FUNCTION = YES;
				GCC_WARN_UNUSED_VARIABLE = YES;
				IPHONEOS_DEPLOYMENT_TARGET = 17.5;
				LOCALIZATION_PREFERS_STRING_CATALOGS = YES;
				MTL_ENABLE_DEBUG_INFO = NO;
				MTL_FAST_MATH = YES;
				SDKROOT = iphoneos;
				SWIFT_COMPILATION_MODE = wholemodule;
				VALIDATE_PRODUCT = YES;
			};
			name = Release;
		};
		8810CB912C0C85C2001B7200 /* Debug */ = {
			isa = XCBuildConfiguration;
			buildSettings = {
				ASSETCATALOG_COMPILER_APPICON_NAME = AppIcon;
				ASSETCATALOG_COMPILER_GLOBAL_ACCENT_COLOR_NAME = AccentColor;
				CODE_SIGN_STYLE = Automatic;
				CURRENT_PROJECT_VERSION = 1;
				DEVELOPMENT_ASSET_PATHS = "\"OTUS_course/Preview Content\"";
				DEVELOPMENT_TEAM = FR8HXSF6FT;
				ENABLE_PREVIEWS = YES;
				GENERATE_INFOPLIST_FILE = YES;
				INFOPLIST_KEY_UIApplicationSceneManifest_Generation = YES;
				INFOPLIST_KEY_UIApplicationSupportsIndirectInputEvents = YES;
				INFOPLIST_KEY_UILaunchScreen_Generation = YES;
				INFOPLIST_KEY_UISupportedInterfaceOrientations_iPad = "UIInterfaceOrientationPortrait UIInterfaceOrientationPortraitUpsideDown UIInterfaceOrientationLandscapeLeft UIInterfaceOrientationLandscapeRight";
				INFOPLIST_KEY_UISupportedInterfaceOrientations_iPhone = "UIInterfaceOrientationPortrait UIInterfaceOrientationLandscapeLeft UIInterfaceOrientationLandscapeRight";
				LD_RUNPATH_SEARCH_PATHS = (
					"$(inherited)",
					"@executable_path/Frameworks",
				);
				MARKETING_VERSION = 1.0;
				PRODUCT_BUNDLE_IDENTIFIER = "com.lagarnas.OTUS-course";
				PRODUCT_NAME = "$(TARGET_NAME)";
				SWIFT_EMIT_LOC_STRINGS = YES;
				SWIFT_VERSION = 5.0;
				TARGETED_DEVICE_FAMILY = "1,2";
			};
			name = Debug;
		};
		8810CB922C0C85C2001B7200 /* Release */ = {
			isa = XCBuildConfiguration;
			buildSettings = {
				ASSETCATALOG_COMPILER_APPICON_NAME = AppIcon;
				ASSETCATALOG_COMPILER_GLOBAL_ACCENT_COLOR_NAME = AccentColor;
				CODE_SIGN_STYLE = Automatic;
				CURRENT_PROJECT_VERSION = 1;
				DEVELOPMENT_ASSET_PATHS = "\"OTUS_course/Preview Content\"";
				DEVELOPMENT_TEAM = FR8HXSF6FT;
				ENABLE_PREVIEWS = YES;
				GENERATE_INFOPLIST_FILE = YES;
				INFOPLIST_KEY_UIApplicationSceneManifest_Generation = YES;
				INFOPLIST_KEY_UIApplicationSupportsIndirectInputEvents = YES;
				INFOPLIST_KEY_UILaunchScreen_Generation = YES;
				INFOPLIST_KEY_UISupportedInterfaceOrientations_iPad = "UIInterfaceOrientationPortrait UIInterfaceOrientationPortraitUpsideDown UIInterfaceOrientationLandscapeLeft UIInterfaceOrientationLandscapeRight";
				INFOPLIST_KEY_UISupportedInterfaceOrientations_iPhone = "UIInterfaceOrientationPortrait UIInterfaceOrientationLandscapeLeft UIInterfaceOrientationLandscapeRight";
				LD_RUNPATH_SEARCH_PATHS = (
					"$(inherited)",
					"@executable_path/Frameworks",
				);
				MARKETING_VERSION = 1.0;
				PRODUCT_BUNDLE_IDENTIFIER = "com.lagarnas.OTUS-course";
				PRODUCT_NAME = "$(TARGET_NAME)";
				SWIFT_EMIT_LOC_STRINGS = YES;
				SWIFT_VERSION = 5.0;
				TARGETED_DEVICE_FAMILY = "1,2";
			};
			name = Release;
		};
/* End XCBuildConfiguration section */

/* Begin XCConfigurationList section */
		8810CB7D2C0C85BE001B7200 /* Build configuration list for PBXProject "OTUS_course" */ = {
			isa = XCConfigurationList;
			buildConfigurations = (
				8810CB8E2C0C85C2001B7200 /* Debug */,
				8810CB8F2C0C85C2001B7200 /* Release */,
			);
			defaultConfigurationIsVisible = 0;
			defaultConfigurationName = Release;
		};
		8810CB902C0C85C2001B7200 /* Build configuration list for PBXNativeTarget "OTUS_course" */ = {
			isa = XCConfigurationList;
			buildConfigurations = (
				8810CB912C0C85C2001B7200 /* Debug */,
				8810CB922C0C85C2001B7200 /* Release */,
			);
			defaultConfigurationIsVisible = 0;
			defaultConfigurationName = Release;
		};
/* End XCConfigurationList section */

/* Begin XCSwiftPackageProductDependency section */
		884BBBDA2C29BA2D00651F98 /* NewsApiNetwork */ = {
			isa = XCSwiftPackageProductDependency;
			productName = NewsApiNetwork;
		};
/* End XCSwiftPackageProductDependency section */
	};
	rootObject = 8810CB7A2C0C85BE001B7200 /* Project object */;
}
